// !$*UTF8*$!
{
	archiveVersion = 1;
	classes = {
	};
	objectVersion = 46;
	objects = {

/* Begin PBXBuildFile section */
		910A25DC1C5CA5D000EDAA11 /* Points.swift in Sources */ = {isa = PBXBuildFile; fileRef = 910A25DB1C5CA5D000EDAA11 /* Points.swift */; };
		917DCDFB1C5A968000AC9A1A /* Location.swift in Sources */ = {isa = PBXBuildFile; fileRef = 917DCDFA1C5A968000AC9A1A /* Location.swift */; };
		918318851C5A91DC00FF5B1C /* AppDelegate.swift in Sources */ = {isa = PBXBuildFile; fileRef = 918318841C5A91DC00FF5B1C /* AppDelegate.swift */; };
		918318871C5A91DC00FF5B1C /* MainViewController.swift in Sources */ = {isa = PBXBuildFile; fileRef = 918318861C5A91DC00FF5B1C /* MainViewController.swift */; };
		9183188A1C5A91DC00FF5B1C /* Main.storyboard in Resources */ = {isa = PBXBuildFile; fileRef = 918318881C5A91DC00FF5B1C /* Main.storyboard */; };
		9183188C1C5A91DC00FF5B1C /* Assets.xcassets in Resources */ = {isa = PBXBuildFile; fileRef = 9183188B1C5A91DC00FF5B1C /* Assets.xcassets */; };
		9183188F1C5A91DC00FF5B1C /* LaunchScreen.storyboard in Resources */ = {isa = PBXBuildFile; fileRef = 9183188D1C5A91DC00FF5B1C /* LaunchScreen.storyboard */; };
		9183189A1C5A91DC00FF5B1C /* GeoShadowsTests.swift in Sources */ = {isa = PBXBuildFile; fileRef = 918318991C5A91DC00FF5B1C /* GeoShadowsTests.swift */; };
		918318A51C5A91DC00FF5B1C /* GeoShadowsUITests.swift in Sources */ = {isa = PBXBuildFile; fileRef = 918318A41C5A91DC00FF5B1C /* GeoShadowsUITests.swift */; };
		984EEE052F8055D9321B9F45 /* Pods_GeoShadowsUITests.framework in Frameworks */ = {isa = PBXBuildFile; fileRef = 370C128E86A0A3A17A47653C /* Pods_GeoShadowsUITests.framework */; };
		C91D46CBE9ED452B210D7B94 /* Pods_GeoShadows.framework in Frameworks */ = {isa = PBXBuildFile; fileRef = B72C4B9F0A88A2A823621482 /* Pods_GeoShadows.framework */; };
		FFC0A0F915A31493CC4A011A /* Pods_GeoShadowsTests.framework in Frameworks */ = {isa = PBXBuildFile; fileRef = 0A7051EB9E5BC77EC7F0AFEA /* Pods_GeoShadowsTests.framework */; };
/* End PBXBuildFile section */

/* Begin PBXContainerItemProxy section */
		918318961C5A91DC00FF5B1C /* PBXContainerItemProxy */ = {
			isa = PBXContainerItemProxy;
			containerPortal = 918318791C5A91DC00FF5B1C /* Project object */;
			proxyType = 1;
			remoteGlobalIDString = 918318801C5A91DC00FF5B1C;
			remoteInfo = GeoShadows;
		};
		918318A11C5A91DC00FF5B1C /* PBXContainerItemProxy */ = {
			isa = PBXContainerItemProxy;
			containerPortal = 918318791C5A91DC00FF5B1C /* Project object */;
			proxyType = 1;
			remoteGlobalIDString = 918318801C5A91DC00FF5B1C;
			remoteInfo = GeoShadows;
		};
/* End PBXContainerItemProxy section */

/* Begin PBXFileReference section */
		0A7051EB9E5BC77EC7F0AFEA /* Pods_GeoShadowsTests.framework */ = {isa = PBXFileReference; explicitFileType = wrapper.framework; includeInIndex = 0; path = Pods_GeoShadowsTests.framework; sourceTree = BUILT_PRODUCTS_DIR; };
		197C84C1AF6CBC27BB8BD69C /* Pods-GeoShadows.release.xcconfig */ = {isa = PBXFileReference; includeInIndex = 1; lastKnownFileType = text.xcconfig; name = "Pods-GeoShadows.release.xcconfig"; path = "Pods/Target Support Files/Pods-GeoShadows/Pods-GeoShadows.release.xcconfig"; sourceTree = "<group>"; };
		370C128E86A0A3A17A47653C /* Pods_GeoShadowsUITests.framework */ = {isa = PBXFileReference; explicitFileType = wrapper.framework; includeInIndex = 0; path = Pods_GeoShadowsUITests.framework; sourceTree = BUILT_PRODUCTS_DIR; };
		4B565F2E6A745C58D881D35D /* Pods-GeoShadowsTests.debug.xcconfig */ = {isa = PBXFileReference; includeInIndex = 1; lastKnownFileType = text.xcconfig; name = "Pods-GeoShadowsTests.debug.xcconfig"; path = "Pods/Target Support Files/Pods-GeoShadowsTests/Pods-GeoShadowsTests.debug.xcconfig"; sourceTree = "<group>"; };
		5CCC9FA1974D3A2A5C8673DA /* Pods-GeoShadowsTests.release.xcconfig */ = {isa = PBXFileReference; includeInIndex = 1; lastKnownFileType = text.xcconfig; name = "Pods-GeoShadowsTests.release.xcconfig"; path = "Pods/Target Support Files/Pods-GeoShadowsTests/Pods-GeoShadowsTests.release.xcconfig"; sourceTree = "<group>"; };
		791AE001B568C04DF0D45BA3 /* Pods-GeoShadows.debug.xcconfig */ = {isa = PBXFileReference; includeInIndex = 1; lastKnownFileType = text.xcconfig; name = "Pods-GeoShadows.debug.xcconfig"; path = "Pods/Target Support Files/Pods-GeoShadows/Pods-GeoShadows.debug.xcconfig"; sourceTree = "<group>"; };
		910A25DB1C5CA5D000EDAA11 /* Points.swift */ = {isa = PBXFileReference; fileEncoding = 4; lastKnownFileType = sourcecode.swift; path = Points.swift; sourceTree = "<group>"; };
		917DCDFA1C5A968000AC9A1A /* Location.swift */ = {isa = PBXFileReference; fileEncoding = 4; lastKnownFileType = sourcecode.swift; path = Location.swift; sourceTree = "<group>"; };
		918318811C5A91DC00FF5B1C /* GeoShadows.app */ = {isa = PBXFileReference; explicitFileType = wrapper.application; includeInIndex = 0; path = GeoShadows.app; sourceTree = BUILT_PRODUCTS_DIR; };
		918318841C5A91DC00FF5B1C /* AppDelegate.swift */ = {isa = PBXFileReference; lastKnownFileType = sourcecode.swift; path = AppDelegate.swift; sourceTree = "<group>"; };
		918318861C5A91DC00FF5B1C /* MainViewController.swift */ = {isa = PBXFileReference; lastKnownFileType = sourcecode.swift; path = MainViewController.swift; sourceTree = "<group>"; };
		918318891C5A91DC00FF5B1C /* Base */ = {isa = PBXFileReference; lastKnownFileType = file.storyboard; name = Base; path = Base.lproj/Main.storyboard; sourceTree = "<group>"; };
		9183188B1C5A91DC00FF5B1C /* Assets.xcassets */ = {isa = PBXFileReference; lastKnownFileType = folder.assetcatalog; path = Assets.xcassets; sourceTree = "<group>"; };
		9183188E1C5A91DC00FF5B1C /* Base */ = {isa = PBXFileReference; lastKnownFileType = file.storyboard; name = Base; path = Base.lproj/LaunchScreen.storyboard; sourceTree = "<group>"; };
		918318901C5A91DC00FF5B1C /* Info.plist */ = {isa = PBXFileReference; lastKnownFileType = text.plist.xml; path = Info.plist; sourceTree = "<group>"; };
		918318951C5A91DC00FF5B1C /* GeoShadowsTests.xctest */ = {isa = PBXFileReference; explicitFileType = wrapper.cfbundle; includeInIndex = 0; path = GeoShadowsTests.xctest; sourceTree = BUILT_PRODUCTS_DIR; };
		918318991C5A91DC00FF5B1C /* GeoShadowsTests.swift */ = {isa = PBXFileReference; lastKnownFileType = sourcecode.swift; path = GeoShadowsTests.swift; sourceTree = "<group>"; };
		9183189B1C5A91DC00FF5B1C /* Info.plist */ = {isa = PBXFileReference; lastKnownFileType = text.plist.xml; path = Info.plist; sourceTree = "<group>"; };
		918318A01C5A91DC00FF5B1C /* GeoShadowsUITests.xctest */ = {isa = PBXFileReference; explicitFileType = wrapper.cfbundle; includeInIndex = 0; path = GeoShadowsUITests.xctest; sourceTree = BUILT_PRODUCTS_DIR; };
		918318A41C5A91DC00FF5B1C /* GeoShadowsUITests.swift */ = {isa = PBXFileReference; lastKnownFileType = sourcecode.swift; path = GeoShadowsUITests.swift; sourceTree = "<group>"; };
		918318A61C5A91DC00FF5B1C /* Info.plist */ = {isa = PBXFileReference; lastKnownFileType = text.plist.xml; path = Info.plist; sourceTree = "<group>"; };
		B72C4B9F0A88A2A823621482 /* Pods_GeoShadows.framework */ = {isa = PBXFileReference; explicitFileType = wrapper.framework; includeInIndex = 0; path = Pods_GeoShadows.framework; sourceTree = BUILT_PRODUCTS_DIR; };
		F92438F6C05467471B5E1F88 /* Pods-GeoShadowsUITests.release.xcconfig */ = {isa = PBXFileReference; includeInIndex = 1; lastKnownFileType = text.xcconfig; name = "Pods-GeoShadowsUITests.release.xcconfig"; path = "Pods/Target Support Files/Pods-GeoShadowsUITests/Pods-GeoShadowsUITests.release.xcconfig"; sourceTree = "<group>"; };
		FABE370C215339A9BE7DB2AA /* Pods-GeoShadowsUITests.debug.xcconfig */ = {isa = PBXFileReference; includeInIndex = 1; lastKnownFileType = text.xcconfig; name = "Pods-GeoShadowsUITests.debug.xcconfig"; path = "Pods/Target Support Files/Pods-GeoShadowsUITests/Pods-GeoShadowsUITests.debug.xcconfig"; sourceTree = "<group>"; };
/* End PBXFileReference section */

/* Begin PBXFrameworksBuildPhase section */
		9183187E1C5A91DC00FF5B1C /* Frameworks */ = {
			isa = PBXFrameworksBuildPhase;
			buildActionMask = 2147483647;
			files = (
				C91D46CBE9ED452B210D7B94 /* Pods_GeoShadows.framework in Frameworks */,
			);
			runOnlyForDeploymentPostprocessing = 0;
		};
		918318921C5A91DC00FF5B1C /* Frameworks */ = {
			isa = PBXFrameworksBuildPhase;
			buildActionMask = 2147483647;
			files = (
				FFC0A0F915A31493CC4A011A /* Pods_GeoShadowsTests.framework in Frameworks */,
			);
			runOnlyForDeploymentPostprocessing = 0;
		};
		9183189D1C5A91DC00FF5B1C /* Frameworks */ = {
			isa = PBXFrameworksBuildPhase;
			buildActionMask = 2147483647;
			files = (
				984EEE052F8055D9321B9F45 /* Pods_GeoShadowsUITests.framework in Frameworks */,
			);
			runOnlyForDeploymentPostprocessing = 0;
		};
/* End PBXFrameworksBuildPhase section */

/* Begin PBXGroup section */
		20A2EB25264FE007942BDF99 /* Frameworks */ = {
			isa = PBXGroup;
			children = (
				B72C4B9F0A88A2A823621482 /* Pods_GeoShadows.framework */,
				0A7051EB9E5BC77EC7F0AFEA /* Pods_GeoShadowsTests.framework */,
				370C128E86A0A3A17A47653C /* Pods_GeoShadowsUITests.framework */,
			);
			name = Frameworks;
			sourceTree = "<group>";
		};
		918318781C5A91DC00FF5B1C = {
			isa = PBXGroup;
			children = (
				910A25DB1C5CA5D000EDAA11 /* Points.swift */,
				918318831C5A91DC00FF5B1C /* GeoShadows */,
				918318981C5A91DC00FF5B1C /* GeoShadowsTests */,
				918318A31C5A91DC00FF5B1C /* GeoShadowsUITests */,
				918318821C5A91DC00FF5B1C /* Products */,
				E7B81D01B55DB0C3E84A8360 /* Pods */,
				20A2EB25264FE007942BDF99 /* Frameworks */,
			);
			sourceTree = "<group>";
		};
		918318821C5A91DC00FF5B1C /* Products */ = {
			isa = PBXGroup;
			children = (
				918318811C5A91DC00FF5B1C /* GeoShadows.app */,
				918318951C5A91DC00FF5B1C /* GeoShadowsTests.xctest */,
				918318A01C5A91DC00FF5B1C /* GeoShadowsUITests.xctest */,
			);
			name = Products;
			sourceTree = "<group>";
		};
		918318831C5A91DC00FF5B1C /* GeoShadows */ = {
			isa = PBXGroup;
			children = (
				918318841C5A91DC00FF5B1C /* AppDelegate.swift */,
				918318861C5A91DC00FF5B1C /* MainViewController.swift */,
				918318881C5A91DC00FF5B1C /* Main.storyboard */,
				917DCDFA1C5A968000AC9A1A /* Location.swift */,
				9183188B1C5A91DC00FF5B1C /* Assets.xcassets */,
				9183188D1C5A91DC00FF5B1C /* LaunchScreen.storyboard */,
				918318901C5A91DC00FF5B1C /* Info.plist */,
			);
			path = GeoShadows;
			sourceTree = "<group>";
		};
		918318981C5A91DC00FF5B1C /* GeoShadowsTests */ = {
			isa = PBXGroup;
			children = (
				918318991C5A91DC00FF5B1C /* GeoShadowsTests.swift */,
				9183189B1C5A91DC00FF5B1C /* Info.plist */,
			);
			path = GeoShadowsTests;
			sourceTree = "<group>";
		};
		918318A31C5A91DC00FF5B1C /* GeoShadowsUITests */ = {
			isa = PBXGroup;
			children = (
				918318A41C5A91DC00FF5B1C /* GeoShadowsUITests.swift */,
				918318A61C5A91DC00FF5B1C /* Info.plist */,
			);
			path = GeoShadowsUITests;
			sourceTree = "<group>";
		};
		E7B81D01B55DB0C3E84A8360 /* Pods */ = {
			isa = PBXGroup;
			children = (
				791AE001B568C04DF0D45BA3 /* Pods-GeoShadows.debug.xcconfig */,
				197C84C1AF6CBC27BB8BD69C /* Pods-GeoShadows.release.xcconfig */,
				4B565F2E6A745C58D881D35D /* Pods-GeoShadowsTests.debug.xcconfig */,
				5CCC9FA1974D3A2A5C8673DA /* Pods-GeoShadowsTests.release.xcconfig */,
				FABE370C215339A9BE7DB2AA /* Pods-GeoShadowsUITests.debug.xcconfig */,
				F92438F6C05467471B5E1F88 /* Pods-GeoShadowsUITests.release.xcconfig */,
			);
			name = Pods;
			sourceTree = "<group>";
		};
/* End PBXGroup section */

/* Begin PBXNativeTarget section */
		918318801C5A91DC00FF5B1C /* GeoShadows */ = {
			isa = PBXNativeTarget;
			buildConfigurationList = 918318A91C5A91DC00FF5B1C /* Build configuration list for PBXNativeTarget "GeoShadows" */;
			buildPhases = (
				D79ECC1B66865610B8080E0F /* Check Pods Manifest.lock */,
				9183187D1C5A91DC00FF5B1C /* Sources */,
				9183187E1C5A91DC00FF5B1C /* Frameworks */,
				9183187F1C5A91DC00FF5B1C /* Resources */,
				3E7F645F04217DE98C3619DC /* Embed Pods Frameworks */,
				AC22728911A4E0DAE08ACBBF /* Copy Pods Resources */,
			);
			buildRules = (
			);
			dependencies = (
			);
			name = GeoShadows;
			productName = GeoShadows;
			productReference = 918318811C5A91DC00FF5B1C /* GeoShadows.app */;
			productType = "com.apple.product-type.application";
		};
		918318941C5A91DC00FF5B1C /* GeoShadowsTests */ = {
			isa = PBXNativeTarget;
			buildConfigurationList = 918318AC1C5A91DC00FF5B1C /* Build configuration list for PBXNativeTarget "GeoShadowsTests" */;
			buildPhases = (
				A018E4734E3D98BAE0BA075B /* Check Pods Manifest.lock */,
				918318911C5A91DC00FF5B1C /* Sources */,
				918318921C5A91DC00FF5B1C /* Frameworks */,
				918318931C5A91DC00FF5B1C /* Resources */,
				7F7083D44A996784A952116A /* Embed Pods Frameworks */,
				9B583E69B4C7F5AF957B05E8 /* Copy Pods Resources */,
			);
			buildRules = (
			);
			dependencies = (
				918318971C5A91DC00FF5B1C /* PBXTargetDependency */,
			);
			name = GeoShadowsTests;
			productName = GeoShadowsTests;
			productReference = 918318951C5A91DC00FF5B1C /* GeoShadowsTests.xctest */;
			productType = "com.apple.product-type.bundle.unit-test";
		};
		9183189F1C5A91DC00FF5B1C /* GeoShadowsUITests */ = {
			isa = PBXNativeTarget;
			buildConfigurationList = 918318AF1C5A91DC00FF5B1C /* Build configuration list for PBXNativeTarget "GeoShadowsUITests" */;
			buildPhases = (
				D439F4812EE3616D38DB00FA /* Check Pods Manifest.lock */,
				9183189C1C5A91DC00FF5B1C /* Sources */,
				9183189D1C5A91DC00FF5B1C /* Frameworks */,
				9183189E1C5A91DC00FF5B1C /* Resources */,
				0C2005449EE1DA5C8911932B /* Copy Pods Resources */,
			);
			buildRules = (
			);
			dependencies = (
				918318A21C5A91DC00FF5B1C /* PBXTargetDependency */,
			);
			name = GeoShadowsUITests;
			productName = GeoShadowsUITests;
			productReference = 918318A01C5A91DC00FF5B1C /* GeoShadowsUITests.xctest */;
			productType = "com.apple.product-type.bundle.ui-testing";
		};
/* End PBXNativeTarget section */

/* Begin PBXProject section */
		918318791C5A91DC00FF5B1C /* Project object */ = {
			isa = PBXProject;
			attributes = {
				LastSwiftUpdateCheck = 0720;
				LastUpgradeCheck = 0720;
				ORGANIZATIONNAME = "Adolfo Builes";
				TargetAttributes = {
					918318801C5A91DC00FF5B1C = {
						CreatedOnToolsVersion = 7.2;
						DevelopmentTeam = GPBQ5EZJHZ;
						SystemCapabilities = {
							com.apple.BackgroundModes = {
								enabled = 1;
							};
						};
					};
					918318941C5A91DC00FF5B1C = {
						CreatedOnToolsVersion = 7.2;
						DevelopmentTeam = GPBQ5EZJHZ;
						TestTargetID = 918318801C5A91DC00FF5B1C;
					};
					9183189F1C5A91DC00FF5B1C = {
						CreatedOnToolsVersion = 7.2;
						DevelopmentTeam = GPBQ5EZJHZ;
						TestTargetID = 918318801C5A91DC00FF5B1C;
					};
				};
			};
			buildConfigurationList = 9183187C1C5A91DC00FF5B1C /* Build configuration list for PBXProject "GeoShadows" */;
			compatibilityVersion = "Xcode 3.2";
			developmentRegion = English;
			hasScannedForEncodings = 0;
			knownRegions = (
				en,
				Base,
			);
			mainGroup = 918318781C5A91DC00FF5B1C;
			productRefGroup = 918318821C5A91DC00FF5B1C /* Products */;
			projectDirPath = "";
			projectRoot = "";
			targets = (
				918318801C5A91DC00FF5B1C /* GeoShadows */,
				918318941C5A91DC00FF5B1C /* GeoShadowsTests */,
				9183189F1C5A91DC00FF5B1C /* GeoShadowsUITests */,
			);
		};
/* End PBXProject section */

/* Begin PBXResourcesBuildPhase section */
		9183187F1C5A91DC00FF5B1C /* Resources */ = {
			isa = PBXResourcesBuildPhase;
			buildActionMask = 2147483647;
			files = (
				9183188F1C5A91DC00FF5B1C /* LaunchScreen.storyboard in Resources */,
				9183188C1C5A91DC00FF5B1C /* Assets.xcassets in Resources */,
				9183188A1C5A91DC00FF5B1C /* Main.storyboard in Resources */,
			);
			runOnlyForDeploymentPostprocessing = 0;
		};
		918318931C5A91DC00FF5B1C /* Resources */ = {
			isa = PBXResourcesBuildPhase;
			buildActionMask = 2147483647;
			files = (
			);
			runOnlyForDeploymentPostprocessing = 0;
		};
		9183189E1C5A91DC00FF5B1C /* Resources */ = {
			isa = PBXResourcesBuildPhase;
			buildActionMask = 2147483647;
			files = (
			);
			runOnlyForDeploymentPostprocessing = 0;
		};
/* End PBXResourcesBuildPhase section */

/* Begin PBXShellScriptBuildPhase section */
		0C2005449EE1DA5C8911932B /* Copy Pods Resources */ = {
			isa = PBXShellScriptBuildPhase;
			buildActionMask = 2147483647;
			files = (
			);
			inputPaths = (
			);
			name = "Copy Pods Resources";
			outputPaths = (
			);
			runOnlyForDeploymentPostprocessing = 0;
			shellPath = /bin/sh;
			shellScript = "\"${SRCROOT}/Pods/Target Support Files/Pods-GeoShadowsUITests/Pods-GeoShadowsUITests-resources.sh\"\n";
			showEnvVarsInLog = 0;
		};
		3E7F645F04217DE98C3619DC /* Embed Pods Frameworks */ = {
			isa = PBXShellScriptBuildPhase;
			buildActionMask = 2147483647;
			files = (
			);
			inputPaths = (
			);
			name = "Embed Pods Frameworks";
			outputPaths = (
			);
			runOnlyForDeploymentPostprocessing = 0;
			shellPath = /bin/sh;
			shellScript = "\"${SRCROOT}/Pods/Target Support Files/Pods-GeoShadows/Pods-GeoShadows-frameworks.sh\"\n";
			showEnvVarsInLog = 0;
		};
		7F7083D44A996784A952116A /* Embed Pods Frameworks */ = {
			isa = PBXShellScriptBuildPhase;
			buildActionMask = 2147483647;
			files = (
			);
			inputPaths = (
			);
			name = "Embed Pods Frameworks";
			outputPaths = (
			);
			runOnlyForDeploymentPostprocessing = 0;
			shellPath = /bin/sh;
			shellScript = "\"${SRCROOT}/Pods/Target Support Files/Pods-GeoShadowsTests/Pods-GeoShadowsTests-frameworks.sh\"\n";
			showEnvVarsInLog = 0;
		};
		9B583E69B4C7F5AF957B05E8 /* Copy Pods Resources */ = {
			isa = PBXShellScriptBuildPhase;
			buildActionMask = 2147483647;
			files = (
			);
			inputPaths = (
			);
			name = "Copy Pods Resources";
			outputPaths = (
			);
			runOnlyForDeploymentPostprocessing = 0;
			shellPath = /bin/sh;
			shellScript = "\"${SRCROOT}/Pods/Target Support Files/Pods-GeoShadowsTests/Pods-GeoShadowsTests-resources.sh\"\n";
			showEnvVarsInLog = 0;
		};
		A018E4734E3D98BAE0BA075B /* Check Pods Manifest.lock */ = {
			isa = PBXShellScriptBuildPhase;
			buildActionMask = 2147483647;
			files = (
			);
			inputPaths = (
			);
			name = "Check Pods Manifest.lock";
			outputPaths = (
			);
			runOnlyForDeploymentPostprocessing = 0;
			shellPath = /bin/sh;
			shellScript = "diff \"${PODS_ROOT}/../Podfile.lock\" \"${PODS_ROOT}/Manifest.lock\" > /dev/null\nif [[ $? != 0 ]] ; then\n    cat << EOM\nerror: The sandbox is not in sync with the Podfile.lock. Run 'pod install' or update your CocoaPods installation.\nEOM\n    exit 1\nfi\n";
			showEnvVarsInLog = 0;
		};
		AC22728911A4E0DAE08ACBBF /* Copy Pods Resources */ = {
			isa = PBXShellScriptBuildPhase;
			buildActionMask = 2147483647;
			files = (
			);
			inputPaths = (
			);
			name = "Copy Pods Resources";
			outputPaths = (
			);
			runOnlyForDeploymentPostprocessing = 0;
			shellPath = /bin/sh;
			shellScript = "\"${SRCROOT}/Pods/Target Support Files/Pods-GeoShadows/Pods-GeoShadows-resources.sh\"\n";
			showEnvVarsInLog = 0;
		};
		D439F4812EE3616D38DB00FA /* Check Pods Manifest.lock */ = {
			isa = PBXShellScriptBuildPhase;
			buildActionMask = 2147483647;
			files = (
			);
			inputPaths = (
			);
			name = "Check Pods Manifest.lock";
			outputPaths = (
			);
			runOnlyForDeploymentPostprocessing = 0;
			shellPath = /bin/sh;
			shellScript = "diff \"${PODS_ROOT}/../Podfile.lock\" \"${PODS_ROOT}/Manifest.lock\" > /dev/null\nif [[ $? != 0 ]] ; then\n    cat << EOM\nerror: The sandbox is not in sync with the Podfile.lock. Run 'pod install' or update your CocoaPods installation.\nEOM\n    exit 1\nfi\n";
			showEnvVarsInLog = 0;
		};
		D79ECC1B66865610B8080E0F /* Check Pods Manifest.lock */ = {
			isa = PBXShellScriptBuildPhase;
			buildActionMask = 2147483647;
			files = (
			);
			inputPaths = (
			);
			name = "Check Pods Manifest.lock";
			outputPaths = (
			);
			runOnlyForDeploymentPostprocessing = 0;
			shellPath = /bin/sh;
			shellScript = "diff \"${PODS_ROOT}/../Podfile.lock\" \"${PODS_ROOT}/Manifest.lock\" > /dev/null\nif [[ $? != 0 ]] ; then\n    cat << EOM\nerror: The sandbox is not in sync with the Podfile.lock. Run 'pod install' or update your CocoaPods installation.\nEOM\n    exit 1\nfi\n";
			showEnvVarsInLog = 0;
		};
/* End PBXShellScriptBuildPhase section */

/* Begin PBXSourcesBuildPhase section */
		9183187D1C5A91DC00FF5B1C /* Sources */ = {
			isa = PBXSourcesBuildPhase;
			buildActionMask = 2147483647;
			files = (
				910A25DC1C5CA5D000EDAA11 /* Points.swift in Sources */,
				918318871C5A91DC00FF5B1C /* MainViewController.swift in Sources */,
				917DCDFB1C5A968000AC9A1A /* Location.swift in Sources */,
				918318851C5A91DC00FF5B1C /* AppDelegate.swift in Sources */,
			);
			runOnlyForDeploymentPostprocessing = 0;
		};
		918318911C5A91DC00FF5B1C /* Sources */ = {
			isa = PBXSourcesBuildPhase;
			buildActionMask = 2147483647;
			files = (
				9183189A1C5A91DC00FF5B1C /* GeoShadowsTests.swift in Sources */,
			);
			runOnlyForDeploymentPostprocessing = 0;
		};
		9183189C1C5A91DC00FF5B1C /* Sources */ = {
			isa = PBXSourcesBuildPhase;
			buildActionMask = 2147483647;
			files = (
				918318A51C5A91DC00FF5B1C /* GeoShadowsUITests.swift in Sources */,
			);
			runOnlyForDeploymentPostprocessing = 0;
		};
/* End PBXSourcesBuildPhase section */

/* Begin PBXTargetDependency section */
		918318971C5A91DC00FF5B1C /* PBXTargetDependency */ = {
			isa = PBXTargetDependency;
			target = 918318801C5A91DC00FF5B1C /* GeoShadows */;
			targetProxy = 918318961C5A91DC00FF5B1C /* PBXContainerItemProxy */;
		};
		918318A21C5A91DC00FF5B1C /* PBXTargetDependency */ = {
			isa = PBXTargetDependency;
			target = 918318801C5A91DC00FF5B1C /* GeoShadows */;
			targetProxy = 918318A11C5A91DC00FF5B1C /* PBXContainerItemProxy */;
		};
/* End PBXTargetDependency section */

/* Begin PBXVariantGroup section */
		918318881C5A91DC00FF5B1C /* Main.storyboard */ = {
			isa = PBXVariantGroup;
			children = (
				918318891C5A91DC00FF5B1C /* Base */,
			);
			name = Main.storyboard;
			sourceTree = "<group>";
		};
		9183188D1C5A91DC00FF5B1C /* LaunchScreen.storyboard */ = {
			isa = PBXVariantGroup;
			children = (
				9183188E1C5A91DC00FF5B1C /* Base */,
			);
			name = LaunchScreen.storyboard;
			sourceTree = "<group>";
		};
/* End PBXVariantGroup section */

/* Begin XCBuildConfiguration section */
		918318A71C5A91DC00FF5B1C /* Debug */ = {
			isa = XCBuildConfiguration;
			buildSettings = {
				ALWAYS_SEARCH_USER_PATHS = NO;
				CLANG_CXX_LANGUAGE_STANDARD = "gnu++0x";
				CLANG_CXX_LIBRARY = "libc++";
				CLANG_ENABLE_MODULES = YES;
				CLANG_ENABLE_OBJC_ARC = YES;
				CLANG_WARN_BOOL_CONVERSION = YES;
				CLANG_WARN_CONSTANT_CONVERSION = YES;
				CLANG_WARN_DIRECT_OBJC_ISA_USAGE = YES_ERROR;
				CLANG_WARN_EMPTY_BODY = YES;
				CLANG_WARN_ENUM_CONVERSION = YES;
				CLANG_WARN_INT_CONVERSION = YES;
				CLANG_WARN_OBJC_ROOT_CLASS = YES_ERROR;
				CLANG_WARN_UNREACHABLE_CODE = YES;
				CLANG_WARN__DUPLICATE_METHOD_MATCH = YES;
				"CODE_SIGN_IDENTITY[sdk=iphoneos*]" = "iPhone Developer";
				COPY_PHASE_STRIP = NO;
				DEBUG_INFORMATION_FORMAT = dwarf;
				ENABLE_STRICT_OBJC_MSGSEND = YES;
				ENABLE_TESTABILITY = YES;
				GCC_C_LANGUAGE_STANDARD = gnu99;
				GCC_DYNAMIC_NO_PIC = NO;
				GCC_NO_COMMON_BLOCKS = YES;
				GCC_OPTIMIZATION_LEVEL = 0;
				GCC_PREPROCESSOR_DEFINITIONS = (
					"DEBUG=1",
					"$(inherited)",
				);
				GCC_WARN_64_TO_32_BIT_CONVERSION = YES;
				GCC_WARN_ABOUT_RETURN_TYPE = YES_ERROR;
				GCC_WARN_UNDECLARED_SELECTOR = YES;
				GCC_WARN_UNINITIALIZED_AUTOS = YES_AGGRESSIVE;
				GCC_WARN_UNUSED_FUNCTION = YES;
				GCC_WARN_UNUSED_VARIABLE = YES;
				IPHONEOS_DEPLOYMENT_TARGET = 9.2;
				MTL_ENABLE_DEBUG_INFO = YES;
				ONLY_ACTIVE_ARCH = YES;
				SDKROOT = iphoneos;
				SWIFT_OPTIMIZATION_LEVEL = "-Onone";
			};
			name = Debug;
		};
		918318A81C5A91DC00FF5B1C /* Release */ = {
			isa = XCBuildConfiguration;
			buildSettings = {
				ALWAYS_SEARCH_USER_PATHS = NO;
				CLANG_CXX_LANGUAGE_STANDARD = "gnu++0x";
				CLANG_CXX_LIBRARY = "libc++";
				CLANG_ENABLE_MODULES = YES;
				CLANG_ENABLE_OBJC_ARC = YES;
				CLANG_WARN_BOOL_CONVERSION = YES;
				CLANG_WARN_CONSTANT_CONVERSION = YES;
				CLANG_WARN_DIRECT_OBJC_ISA_USAGE = YES_ERROR;
				CLANG_WARN_EMPTY_BODY = YES;
				CLANG_WARN_ENUM_CONVERSION = YES;
				CLANG_WARN_INT_CONVERSION = YES;
				CLANG_WARN_OBJC_ROOT_CLASS = YES_ERROR;
				CLANG_WARN_UNREACHABLE_CODE = YES;
				CLANG_WARN__DUPLICATE_METHOD_MATCH = YES;
				"CODE_SIGN_IDENTITY[sdk=iphoneos*]" = "iPhone Developer";
				COPY_PHASE_STRIP = NO;
				DEBUG_INFORMATION_FORMAT = "dwarf-with-dsym";
				ENABLE_NS_ASSERTIONS = NO;
				ENABLE_STRICT_OBJC_MSGSEND = YES;
				GCC_C_LANGUAGE_STANDARD = gnu99;
				GCC_NO_COMMON_BLOCKS = YES;
				GCC_WARN_64_TO_32_BIT_CONVERSION = YES;
				GCC_WARN_ABOUT_RETURN_TYPE = YES_ERROR;
				GCC_WARN_UNDECLARED_SELECTOR = YES;
				GCC_WARN_UNINITIALIZED_AUTOS = YES_AGGRESSIVE;
				GCC_WARN_UNUSED_FUNCTION = YES;
				GCC_WARN_UNUSED_VARIABLE = YES;
				IPHONEOS_DEPLOYMENT_TARGET = 9.2;
				MTL_ENABLE_DEBUG_INFO = NO;
				SDKROOT = iphoneos;
				VALIDATE_PRODUCT = YES;
			};
			name = Release;
		};
		918318AA1C5A91DC00FF5B1C /* Debug */ = {
			isa = XCBuildConfiguration;
			baseConfigurationReference = 791AE001B568C04DF0D45BA3 /* Pods-GeoShadows.debug.xcconfig */;
			buildSettings = {
				ASSETCATALOG_COMPILER_APPICON_NAME = AppIcon;
				INFOPLIST_FILE = GeoShadows/Info.plist;
				LD_RUNPATH_SEARCH_PATHS = "$(inherited) @executable_path/Frameworks";
				PRODUCT_BUNDLE_IDENTIFIER = com.abuiles.GeoShadows;
				PRODUCT_NAME = "$(TARGET_NAME)";
			};
			name = Debug;
		};
		918318AB1C5A91DC00FF5B1C /* Release */ = {
			isa = XCBuildConfiguration;
			baseConfigurationReference = 197C84C1AF6CBC27BB8BD69C /* Pods-GeoShadows.release.xcconfig */;
			buildSettings = {
				ASSETCATALOG_COMPILER_APPICON_NAME = AppIcon;
				INFOPLIST_FILE = GeoShadows/Info.plist;
				LD_RUNPATH_SEARCH_PATHS = "$(inherited) @executable_path/Frameworks";
				PRODUCT_BUNDLE_IDENTIFIER = com.abuiles.GeoShadows;
				PRODUCT_NAME = "$(TARGET_NAME)";
			};
			name = Release;
		};
		918318AD1C5A91DC00FF5B1C /* Debug */ = {
			isa = XCBuildConfiguration;
			baseConfigurationReference = 4B565F2E6A745C58D881D35D /* Pods-GeoShadowsTests.debug.xcconfig */;
			buildSettings = {
				BUNDLE_LOADER = "$(TEST_HOST)";
				INFOPLIST_FILE = GeoShadowsTests/Info.plist;
				LD_RUNPATH_SEARCH_PATHS = "$(inherited) @executable_path/Frameworks @loader_path/Frameworks";
				PRODUCT_BUNDLE_IDENTIFIER = com.abuiles.GeoShadowsTests;
				PRODUCT_NAME = "$(TARGET_NAME)";
				TEST_HOST = "$(BUILT_PRODUCTS_DIR)/GeoShadows.app/GeoShadows";
			};
			name = Debug;
		};
		918318AE1C5A91DC00FF5B1C /* Release */ = {
			isa = XCBuildConfiguration;
			baseConfigurationReference = 5CCC9FA1974D3A2A5C8673DA /* Pods-GeoShadowsTests.release.xcconfig */;
			buildSettings = {
				BUNDLE_LOADER = "$(TEST_HOST)";
				INFOPLIST_FILE = GeoShadowsTests/Info.plist;
				LD_RUNPATH_SEARCH_PATHS = "$(inherited) @executable_path/Frameworks @loader_path/Frameworks";
				PRODUCT_BUNDLE_IDENTIFIER = com.abuiles.GeoShadowsTests;
				PRODUCT_NAME = "$(TARGET_NAME)";
				TEST_HOST = "$(BUILT_PRODUCTS_DIR)/GeoShadows.app/GeoShadows";
			};
			name = Release;
		};
		918318B01C5A91DC00FF5B1C /* Debug */ = {
			isa = XCBuildConfiguration;
			baseConfigurationReference = FABE370C215339A9BE7DB2AA /* Pods-GeoShadowsUITests.debug.xcconfig */;
			buildSettings = {
				INFOPLIST_FILE = GeoShadowsUITests/Info.plist;
				LD_RUNPATH_SEARCH_PATHS = "$(inherited) @executable_path/Frameworks @loader_path/Frameworks";
				PRODUCT_BUNDLE_IDENTIFIER = com.abuiles.GeoShadowsUITests;
				PRODUCT_NAME = "$(TARGET_NAME)";
				TEST_TARGET_NAME = GeoShadows;
				USES_XCTRUNNER = YES;
			};
			name = Debug;
		};
		918318B11C5A91DC00FF5B1C /* Release */ = {
			isa = XCBuildConfiguration;
			baseConfigurationReference = F92438F6C05467471B5E1F88 /* Pods-GeoShadowsUITests.release.xcconfig */;
			buildSettings = {
				INFOPLIST_FILE = GeoShadowsUITests/Info.plist;
				LD_RUNPATH_SEARCH_PATHS = "$(inherited) @executable_path/Frameworks @loader_path/Frameworks";
				PRODUCT_BUNDLE_IDENTIFIER = com.abuiles.GeoShadowsUITests;
				PRODUCT_NAME = "$(TARGET_NAME)";
				TEST_TARGET_NAME = GeoShadows;
				USES_XCTRUNNER = YES;
			};
			name = Release;
		};
/* End XCBuildConfiguration section */

/* Begin XCConfigurationList section */
		9183187C1C5A91DC00FF5B1C /* Build configuration list for PBXProject "GeoShadows" */ = {
			isa = XCConfigurationList;
			buildConfigurations = (
				918318A71C5A91DC00FF5B1C /* Debug */,
				918318A81C5A91DC00FF5B1C /* Release */,
			);
			defaultConfigurationIsVisible = 0;
			defaultConfigurationName = Release;
		};
		918318A91C5A91DC00FF5B1C /* Build configuration list for PBXNativeTarget "GeoShadows" */ = {
			isa = XCConfigurationList;
			buildConfigurations = (
				918318AA1C5A91DC00FF5B1C /* Debug */,
				918318AB1C5A91DC00FF5B1C /* Release */,
			);
			defaultConfigurationIsVisible = 0;
			defaultConfigurationName = Release;
		};
		918318AC1C5A91DC00FF5B1C /* Build configuration list for PBXNativeTarget "GeoShadowsTests" */ = {
			isa = XCConfigurationList;
			buildConfigurations = (
				918318AD1C5A91DC00FF5B1C /* Debug */,
				918318AE1C5A91DC00FF5B1C /* Release */,
			);
			defaultConfigurationIsVisible = 0;
			defaultConfigurationName = Release;
		};
		918318AF1C5A91DC00FF5B1C /* Build configuration list for PBXNativeTarget "GeoShadowsUITests" */ = {
			isa = XCConfigurationList;
			buildConfigurations = (
				918318B01C5A91DC00FF5B1C /* Debug */,
				918318B11C5A91DC00FF5B1C /* Release */,
			);
			defaultConfigurationIsVisible = 0;
			defaultConfigurationName = Release;
		};
/* End XCConfigurationList section */
	};
	rootObject = 918318791C5A91DC00FF5B1C /* Project object */;
}
